
Microsoft Visual Studio Solution File, Format Version 12.00
# Visual Studio 15
VisualStudioVersion = 15.0.27130.2024
MinimumVisualStudioVersion = 10.0.40219.1
Project("{FAE04EC0-301F-11D3-BF4B-00C04F79EFBC}") = "NxtCommunicationLibrary", "NxtCommunicationLibrary\NxtCommunicationLibrary.csproj", "{94C76A0E-E7DE-47EB-B941-401AC8DC4692}"
EndProject
Global
	GlobalSection(SolutionConfigurationPlatforms) = preSolution
		Debug|Any CPU = Debug|Any CPU
		Release|Any CPU = Release|Any CPU
	EndGlobalSection
	GlobalSection(ProjectConfigurationPlatforms) = postSolution
		{94C76A0E-E7DE-47EB-B941-401AC8DC4692}.Debug|Any CPU.ActiveCfg = Debug|Any CPU
		{94C76A0E-E7DE-47EB-B941-401AC8DC4692}.Debug|Any CPU.Build.0 = Debug|Any CPU
		{94C76A0E-E7DE-47EB-B941-401AC8DC4692}.Release|Any CPU.ActiveCfg = Release|Any CPU
		{94C76A0E-E7DE-47EB-B941-401AC8DC4692}.Release|Any CPU.Build.0 = Release|Any CPU
	EndGlobalSection
	GlobalSection(SolutionProperties) = preSolution
		HideSolutionNode = FALSE
	EndGlobalSection
	GlobalSection(ExtensibilityGlobals) = postSolution
		SolutionGuid = {D5BDA4D9-8B62-42BC-B199-2BB589E7E98B}
	EndGlobalSection
EndGlobal
